
Microsoft Visual Studio Solution File, Format Version 11.00
# Visual Studio 2010
Project("{FAE04EC0-301F-11D3-BF4B-00C04F79EFBC}") = "SwipeToRefresh", "SwipeToRefresh\SwipeToRefresh.csproj", "{A0593BA4-A941-4D7D-8782-E4E11233469D}"
EndProject
Global
	GlobalSection(SolutionConfigurationPlatforms) = preSolution
		Debug|Any CPU = Debug|Any CPU
		Release|Any CPU = Release|Any CPU
	EndGlobalSection
	GlobalSection(ProjectConfigurationPlatforms) = postSolution
		{A0593BA4-A941-4D7D-8782-E4E11233469D}.Debug|Any CPU.ActiveCfg = Debug|Any CPU
		{A0593BA4-A941-4D7D-8782-E4E11233469D}.Debug|Any CPU.Build.0 = Debug|Any CPU
		{A0593BA4-A941-4D7D-8782-E4E11233469D}.Release|Any CPU.ActiveCfg = Release|Any CPU
		{A0593BA4-A941-4D7D-8782-E4E11233469D}.Release|Any CPU.Build.0 = Release|Any CPU
	EndGlobalSection
	GlobalSection(MonoDevelopProperties) = preSolution
		StartupItem = SwipeToRefresh\SwipeToRefresh.csproj
	EndGlobalSection
EndGlobal
